// !$*UTF8*$!
{
	archiveVersion = 1;
	classes = {
	};
	objectVersion = 46;
	objects = {

/* Begin PBXBuildFile section */
		3248713B1EC37F5C006C1269 /* main.m in Sources */ = {isa = PBXBuildFile; fileRef = 3248713A1EC37F5C006C1269 /* main.m */; };
		3248713E1EC37F5C006C1269 /* AppDelegate.m in Sources */ = {isa = PBXBuildFile; fileRef = 3248713D1EC37F5C006C1269 /* AppDelegate.m */; };
		324871411EC37F5C006C1269 /* ViewController.m in Sources */ = {isa = PBXBuildFile; fileRef = 324871401EC37F5C006C1269 /* ViewController.m */; };
		324871441EC37F5C006C1269 /* Main.storyboard in Resources */ = {isa = PBXBuildFile; fileRef = 324871421EC37F5C006C1269 /* Main.storyboard */; };
		324871461EC37F5C006C1269 /* Assets.xcassets in Resources */ = {isa = PBXBuildFile; fileRef = 324871451EC37F5C006C1269 /* Assets.xcassets */; };
		324871491EC37F5C006C1269 /* LaunchScreen.storyboard in Resources */ = {isa = PBXBuildFile; fileRef = 324871471EC37F5C006C1269 /* LaunchScreen.storyboard */; };
		324871541EC37F5C006C1269 /* AutoLayout2Tests.m in Sources */ = {isa = PBXBuildFile; fileRef = 324871531EC37F5C006C1269 /* AutoLayout2Tests.m */; };
/* End PBXBuildFile section */

/* Begin PBXContainerItemProxy section */
		324871501EC37F5C006C1269 /* PBXContainerItemProxy */ = {
			isa = PBXContainerItemProxy;
			containerPortal = 3248712E1EC37F5C006C1269 /* Project object */;
			proxyType = 1;
			remoteGlobalIDString = 324871351EC37F5C006C1269;
			remoteInfo = AutoLayout2;
		};
/* End PBXContainerItemProxy section */

/* Begin PBXFileReference section */
		324871361EC37F5C006C1269 /* AutoLayout2.app */ = {isa = PBXFileReference; explicitFileType = wrapper.application; includeInIndex = 0; path = AutoLayout2.app; sourceTree = BUILT_PRODUCTS_DIR; };
		3248713A1EC37F5C006C1269 /* main.m */ = {isa = PBXFileReference; lastKnownFileType = sourcecode.c.objc; path = main.m; sourceTree = "<group>"; };
		3248713C1EC37F5C006C1269 /* AppDelegate.h */ = {isa = PBXFileReference; lastKnownFileType = sourcecode.c.h; path = AppDelegate.h; sourceTree = "<group>"; };
		3248713D1EC37F5C006C1269 /* AppDelegate.m */ = {isa = PBXFileReference; lastKnownFileType = sourcecode.c.objc; path = AppDelegate.m; sourceTree = "<group>"; };
		3248713F1EC37F5C006C1269 /* ViewController.h */ = {isa = PBXFileReference; lastKnownFileType = sourcecode.c.h; path = ViewController.h; sourceTree = "<group>"; };
		324871401EC37F5C006C1269 /* ViewController.m */ = {isa = PBXFileReference; lastKnownFileType = sourcecode.c.objc; path = ViewController.m; sourceTree = "<group>"; };
		324871431EC37F5C006C1269 /* Base */ = {isa = PBXFileReference; lastKnownFileType = file.storyboard; name = Base; path = Base.lproj/Main.storyboard; sourceTree = "<group>"; };
		324871451EC37F5C006C1269 /* Assets.xcassets */ = {isa = PBXFileReference; lastKnownFileType = folder.assetcatalog; path = Assets.xcassets; sourceTree = "<group>"; };
		324871481EC37F5C006C1269 /* Base */ = {isa = PBXFileReference; lastKnownFileType = file.storyboard; name = Base; path = Base.lproj/LaunchScreen.storyboard; sourceTree = "<group>"; };
		3248714A1EC37F5C006C1269 /* Info.plist */ = {isa = PBXFileReference; lastKnownFileType = text.plist.xml; path = Info.plist; sourceTree = "<group>"; };
		3248714F1EC37F5C006C1269 /* AutoLayout2Tests.xctest */ = {isa = PBXFileReference; explicitFileType = wrapper.cfbundle; includeInIndex = 0; path = AutoLayout2Tests.xctest; sourceTree = BUILT_PRODUCTS_DIR; };
		324871531EC37F5C006C1269 /* AutoLayout2Tests.m */ = {isa = PBXFileReference; lastKnownFileType = sourcecode.c.objc; path = AutoLayout2Tests.m; sourceTree = "<group>"; };
		324871551EC37F5C006C1269 /* Info.plist */ = {isa = PBXFileReference; lastKnownFileType = text.plist.xml; path = Info.plist; sourceTree = "<group>"; };
/* End PBXFileReference section */

/* Begin PBXFrameworksBuildPhase section */
		324871331EC37F5C006C1269 /* Frameworks */ = {
			isa = PBXFrameworksBuildPhase;
			buildActionMask = 2147483647;
			files = (
			);
			runOnlyForDeploymentPostprocessing = 0;
		};
		3248714C1EC37F5C006C1269 /* Frameworks */ = {
			isa = PBXFrameworksBuildPhase;
			buildActionMask = 2147483647;
			files = (
			);
			runOnlyForDeploymentPostprocessing = 0;
		};
/* End PBXFrameworksBuildPhase section */

/* Begin PBXGroup section */
		3248712D1EC37F5C006C1269 = {
			isa = PBXGroup;
			children = (
				324871381EC37F5C006C1269 /* AutoLayout2 */,
				324871521EC37F5C006C1269 /* AutoLayout2Tests */,
				324871371EC37F5C006C1269 /* Products */,
			);
			sourceTree = "<group>";
		};
		324871371EC37F5C006C1269 /* Products */ = {
			isa = PBXGroup;
			children = (
				324871361EC37F5C006C1269 /* AutoLayout2.app */,
				3248714F1EC37F5C006C1269 /* AutoLayout2Tests.xctest */,
			);
			name = Products;
			sourceTree = "<group>";
		};
		324871381EC37F5C006C1269 /* AutoLayout2 */ = {
			isa = PBXGroup;
			children = (
				3248713C1EC37F5C006C1269 /* AppDelegate.h */,
				3248713D1EC37F5C006C1269 /* AppDelegate.m */,
				3248713F1EC37F5C006C1269 /* ViewController.h */,
				324871401EC37F5C006C1269 /* ViewController.m */,
				324871421EC37F5C006C1269 /* Main.storyboard */,
				324871451EC37F5C006C1269 /* Assets.xcassets */,
				324871471EC37F5C006C1269 /* LaunchScreen.storyboard */,
				3248714A1EC37F5C006C1269 /* Info.plist */,
				324871391EC37F5C006C1269 /* Supporting Files */,
			);
			path = AutoLayout2;
			sourceTree = "<group>";
		};
		324871391EC37F5C006C1269 /* Supporting Files */ = {
			isa = PBXGroup;
			children = (
				3248713A1EC37F5C006C1269 /* main.m */,
			);
			name = "Supporting Files";
			sourceTree = "<group>";
		};
		324871521EC37F5C006C1269 /* AutoLayout2Tests */ = {
			isa = PBXGroup;
			children = (
				324871531EC37F5C006C1269 /* AutoLayout2Tests.m */,
				324871551EC37F5C006C1269 /* Info.plist */,
			);
			path = AutoLayout2Tests;
			sourceTree = "<group>";
		};
/* End PBXGroup section */

/* Begin PBXNativeTarget section */
		324871351EC37F5C006C1269 /* AutoLayout2 */ = {
			isa = PBXNativeTarget;
			buildConfigurationList = 324871581EC37F5C006C1269 /* Build configuration list for PBXNativeTarget "AutoLayout2" */;
			buildPhases = (
				324871321EC37F5C006C1269 /* Sources */,
				324871331EC37F5C006C1269 /* Frameworks */,
				324871341EC37F5C006C1269 /* Resources */,
			);
			buildRules = (
			);
			dependencies = (
			);
			name = AutoLayout2;
			productName = AutoLayout2;
			productReference = 324871361EC37F5C006C1269 /* AutoLayout2.app */;
			productType = "com.apple.product-type.application";
		};
		3248714E1EC37F5C006C1269 /* AutoLayout2Tests */ = {
			isa = PBXNativeTarget;
			buildConfigurationList = 3248715B1EC37F5C006C1269 /* Build configuration list for PBXNativeTarget "AutoLayout2Tests" */;
			buildPhases = (
				3248714B1EC37F5C006C1269 /* Sources */,
				3248714C1EC37F5C006C1269 /* Frameworks */,
				3248714D1EC37F5C006C1269 /* Resources */,
			);
			buildRules = (
			);
			dependencies = (
				324871511EC37F5C006C1269 /* PBXTargetDependency */,
			);
			name = AutoLayout2Tests;
			productName = AutoLayout2Tests;
			productReference = 3248714F1EC37F5C006C1269 /* AutoLayout2Tests.xctest */;
			productType = "com.apple.product-type.bundle.unit-test";
		};
/* End PBXNativeTarget section */

/* Begin PBXProject section */
		3248712E1EC37F5C006C1269 /* Project object */ = {
			isa = PBXProject;
			attributes = {
				LastUpgradeCheck = 0830;
				ORGANIZATIONNAME = Mandeep;
				TargetAttributes = {
					324871351EC37F5C006C1269 = {
						CreatedOnToolsVersion = 8.3.2;
						ProvisioningStyle = Automatic;
					};
					3248714E1EC37F5C006C1269 = {
						CreatedOnToolsVersion = 8.3.2;
						ProvisioningStyle = Automatic;
						TestTargetID = 324871351EC37F5C006C1269;
					};
				};
			};
			buildConfigurationList = 324871311EC37F5C006C1269 /* Build configuration list for PBXProject "AutoLayout2" */;
			compatibilityVersion = "Xcode 3.2";
			developmentRegion = English;
			hasScannedForEncodings = 0;
			knownRegions = (
				en,
				Base,
			);
			mainGroup = 3248712D1EC37F5C006C1269;
			productRefGroup = 324871371EC37F5C006C1269 /* Products */;
			projectDirPath = "";
			projectRoot = "";
			targets = (
				324871351EC37F5C006C1269 /* AutoLayout2 */,
				3248714E1EC37F5C006C1269 /* AutoLayout2Tests */,
			);
		};
/* End PBXProject section */

/* Begin PBXResourcesBuildPhase section */
		324871341EC37F5C006C1269 /* Resources */ = {
			isa = PBXResourcesBuildPhase;
			buildActionMask = 2147483647;
			files = (
				324871491EC37F5C006C1269 /* LaunchScreen.storyboard in Resources */,
				324871461EC37F5C006C1269 /* Assets.xcassets in Resources */,
				324871441EC37F5C006C1269 /* Main.storyboard in Resources */,
			);
			runOnlyForDeploymentPostprocessing = 0;
		};
		3248714D1EC37F5C006C1269 /* Resources */ = {
			isa = PBXResourcesBuildPhase;
			buildActionMask = 2147483647;
			files = (
			);
			runOnlyForDeploymentPostprocessing = 0;
		};
/* End PBXResourcesBuildPhase section */

/* Begin PBXSourcesBuildPhase section */
		324871321EC37F5C006C1269 /* Sources */ = {
			isa = PBXSourcesBuildPhase;
			buildActionMask = 2147483647;
			files = (
				324871411EC37F5C006C1269 /* ViewController.m in Sources */,
				3248713E1EC37F5C006C1269 /* AppDelegate.m in Sources */,
				3248713B1EC37F5C006C1269 /* main.m in Sources */,
			);
			runOnlyForDeploymentPostprocessing = 0;
		};
		3248714B1EC37F5C006C1269 /* Sources */ = {
			isa = PBXSourcesBuildPhase;
			buildActionMask = 2147483647;
			files = (
				324871541EC37F5C006C1269 /* AutoLayout2Tests.m in Sources */,
			);
			runOnlyForDeploymentPostprocessing = 0;
		};
/* End PBXSourcesBuildPhase section */

/* Begin PBXTargetDependency section */
		324871511EC37F5C006C1269 /* PBXTargetDependency */ = {
			isa = PBXTargetDependency;
			target = 324871351EC37F5C006C1269 /* AutoLayout2 */;
			targetProxy = 324871501EC37F5C006C1269 /* PBXContainerItemProxy */;
		};
/* End PBXTargetDependency section */

/* Begin PBXVariantGroup section */
		324871421EC37F5C006C1269 /* Main.storyboard */ = {
			isa = PBXVariantGroup;
			children = (
				324871431EC37F5C006C1269 /* Base */,
			);
			name = Main.storyboard;
			sourceTree = "<group>";
		};
		324871471EC37F5C006C1269 /* LaunchScreen.storyboard */ = {
			isa = PBXVariantGroup;
			children = (
				324871481EC37F5C006C1269 /* Base */,
			);
			name = LaunchScreen.storyboard;
			sourceTree = "<group>";
		};
/* End PBXVariantGroup section */

/* Begin XCBuildConfiguration section */
		324871561EC37F5C006C1269 /* Debug */ = {
			isa = XCBuildConfiguration;
			buildSettings = {
				ALWAYS_SEARCH_USER_PATHS = NO;
				CLANG_ANALYZER_NONNULL = YES;
				CLANG_ANALYZER_NUMBER_OBJECT_CONVERSION = YES_AGGRESSIVE;
				CLANG_CXX_LANGUAGE_STANDARD = "gnu++0x";
				CLANG_CXX_LIBRARY = "libc++";
				CLANG_ENABLE_MODULES = YES;
				CLANG_ENABLE_OBJC_ARC = YES;
				CLANG_WARN_BOOL_CONVERSION = YES;
				CLANG_WARN_CONSTANT_CONVERSION = YES;
				CLANG_WARN_DIRECT_OBJC_ISA_USAGE = YES_ERROR;
				CLANG_WARN_DOCUMENTATION_COMMENTS = YES;
				CLANG_WARN_EMPTY_BODY = YES;
				CLANG_WARN_ENUM_CONVERSION = YES;
				CLANG_WARN_INFINITE_RECURSION = YES;
				CLANG_WARN_INT_CONVERSION = YES;
				CLANG_WARN_OBJC_ROOT_CLASS = YES_ERROR;
				CLANG_WARN_SUSPICIOUS_MOVE = YES;
				CLANG_WARN_UNREACHABLE_CODE = YES;
				CLANG_WARN__DUPLICATE_METHOD_MATCH = YES;
				"CODE_SIGN_IDENTITY[sdk=iphoneos*]" = "iPhone Developer";
				COPY_PHASE_STRIP = NO;
				DEBUG_INFORMATION_FORMAT = dwarf;
				ENABLE_STRICT_OBJC_MSGSEND = YES;
				ENABLE_TESTABILITY = YES;
				GCC_C_LANGUAGE_STANDARD = gnu99;
				GCC_DYNAMIC_NO_PIC = NO;
				GCC_NO_COMMON_BLOCKS = YES;
				GCC_OPTIMIZATION_LEVEL = 0;
				GCC_PREPROCESSOR_DEFINITIONS = (
					"DEBUG=1",
					"$(inherited)",
				);
				GCC_WARN_64_TO_32_BIT_CONVERSION = YES;
				GCC_WARN_ABOUT_RETURN_TYPE = YES_ERROR;
				GCC_WARN_UNDECLARED_SELECTOR = YES;
				GCC_WARN_UNINITIALIZED_AUTOS = YES_AGGRESSIVE;
				GCC_WARN_UNUSED_FUNCTION = YES;
				GCC_WARN_UNUSED_VARIABLE = YES;
				IPHONEOS_DEPLOYMENT_TARGET = 10.3;
				MTL_ENABLE_DEBUG_INFO = YES;
				ONLY_ACTIVE_ARCH = YES;
				SDKROOT = iphoneos;
				TARGETED_DEVICE_FAMILY = "1,2";
			};
			name = Debug;
		};
		324871571EC37F5C006C1269 /* Release */ = {
			isa = XCBuildConfiguration;
			buildSettings = {
				ALWAYS_SEARCH_USER_PATHS = NO;
				CLANG_ANALYZER_NONNULL = YES;
				CLANG_ANALYZER_NUMBER_OBJECT_CONVERSION = YES_AGGRESSIVE;
				CLANG_CXX_LANGUAGE_STANDARD = "gnu++0x";
				CLANG_CXX_LIBRARY = "libc++";
				CLANG_ENABLE_MODULES = YES;
				CLANG_ENABLE_OBJC_ARC = YES;
				CLANG_WARN_BOOL_CONVERSION = YES;
				CLANG_WARN_CONSTANT_CONVERSION = YES;
				CLANG_WARN_DIRECT_OBJC_ISA_USAGE = YES_ERROR;
				CLANG_WARN_DOCUMENTATION_COMMENTS = YES;
				CLANG_WARN_EMPTY_BODY = YES;
				CLANG_WARN_ENUM_CONVERSION = YES;
				CLANG_WARN_INFINITE_RECURSION = YES;
				CLANG_WARN_INT_CONVERSION = YES;
				CLANG_WARN_OBJC_ROOT_CLASS = YES_ERROR;
				CLANG_WARN_SUSPICIOUS_MOVE = YES;
				CLANG_WARN_UNREACHABLE_CODE = YES;
				CLANG_WARN__DUPLICATE_METHOD_MATCH = YES;
				"CODE_SIGN_IDENTITY[sdk=iphoneos*]" = "iPhone Developer";
				COPY_PHASE_STRIP = NO;
				DEBUG_INFORMATION_FORMAT = "dwarf-with-dsym";
				ENABLE_NS_ASSERTIONS = NO;
				ENABLE_STRICT_OBJC_MSGSEND = YES;
				GCC_C_LANGUAGE_STANDARD = gnu99;
				GCC_NO_COMMON_BLOCKS = YES;
				GCC_WARN_64_TO_32_BIT_CONVERSION = YES;
				GCC_WARN_ABOUT_RETURN_TYPE = YES_ERROR;
				GCC_WARN_UNDECLARED_SELECTOR = YES;
				GCC_WARN_UNINITIALIZED_AUTOS = YES_AGGRESSIVE;
				GCC_WARN_UNUSED_FUNCTION = YES;
				GCC_WARN_UNUSED_VARIABLE = YES;
				IPHONEOS_DEPLOYMENT_TARGET = 10.3;
				MTL_ENABLE_DEBUG_INFO = NO;
				SDKROOT = iphoneos;
				TARGETED_DEVICE_FAMILY = "1,2";
				VALIDATE_PRODUCT = YES;
			};
			name = Release;
		};
		324871591EC37F5C006C1269 /* Debug */ = {
			isa = XCBuildConfiguration;
			buildSettings = {
				ASSETCATALOG_COMPILER_APPICON_NAME = AppIcon;
				INFOPLIST_FILE = AutoLayout2/Info.plist;
				LD_RUNPATH_SEARCH_PATHS = "$(inherited) @executable_path/Frameworks";
				PRODUCT_BUNDLE_IDENTIFIER = "lighthouse-labs.AutoLayout2";
				PRODUCT_NAME = "$(TARGET_NAME)";
			};
			name = Debug;
		};
		3248715A1EC37F5C006C1269 /* Release */ = {
			isa = XCBuildConfiguration;
			buildSettings = {
				ASSETCATALOG_COMPILER_APPICON_NAME = AppIcon;
				INFOPLIST_FILE = AutoLayout2/Info.plist;
				LD_RUNPATH_SEARCH_PATHS = "$(inherited) @executable_path/Frameworks";
				PRODUCT_BUNDLE_IDENTIFIER = "lighthouse-labs.AutoLayout2";
				PRODUCT_NAME = "$(TARGET_NAME)";
			};
			name = Release;
		};
		3248715C1EC37F5C006C1269 /* Debug */ = {
			isa = XCBuildConfiguration;
			buildSettings = {
				BUNDLE_LOADER = "$(TEST_HOST)";
				INFOPLIST_FILE = AutoLayout2Tests/Info.plist;
				LD_RUNPATH_SEARCH_PATHS = "$(inherited) @executable_path/Frameworks @loader_path/Frameworks";
				PRODUCT_BUNDLE_IDENTIFIER = "lighthouse-labs.AutoLayout2Tests";
				PRODUCT_NAME = "$(TARGET_NAME)";
				TEST_HOST = "$(BUILT_PRODUCTS_DIR)/AutoLayout2.app/AutoLayout2";
			};
			name = Debug;
		};
		3248715D1EC37F5C006C1269 /* Release */ = {
			isa = XCBuildConfiguration;
			buildSettings = {
				BUNDLE_LOADER = "$(TEST_HOST)";
				INFOPLIST_FILE = AutoLayout2Tests/Info.plist;
				LD_RUNPATH_SEARCH_PATHS = "$(inherited) @executable_path/Frameworks @loader_path/Frameworks";
				PRODUCT_BUNDLE_IDENTIFIER = "lighthouse-labs.AutoLayout2Tests";
				PRODUCT_NAME = "$(TARGET_NAME)";
				TEST_HOST = "$(BUILT_PRODUCTS_DIR)/AutoLayout2.app/AutoLayout2";
			};
			name = Release;
		};
/* End XCBuildConfiguration section */

/* Begin XCConfigurationList section */
		324871311EC37F5C006C1269 /* Build configuration list for PBXProject "AutoLayout2" */ = {
			isa = XCConfigurationList;
			buildConfigurations = (
				324871561EC37F5C006C1269 /* Debug */,
				324871571EC37F5C006C1269 /* Release */,
			);
			defaultConfigurationIsVisible = 0;
			defaultConfigurationName = Release;
		};
		324871581EC37F5C006C1269 /* Build configuration list for PBXNativeTarget "AutoLayout2" */ = {
			isa = XCConfigurationList;
			buildConfigurations = (
				324871591EC37F5C006C1269 /* Debug */,
				3248715A1EC37F5C006C1269 /* Release */,
			);
			defaultConfigurationIsVisible = 0;
		};
		3248715B1EC37F5C006C1269 /* Build configuration list for PBXNativeTarget "AutoLayout2Tests" */ = {
			isa = XCConfigurationList;
			buildConfigurations = (
				3248715C1EC37F5C006C1269 /* Debug */,
				3248715D1EC37F5C006C1269 /* Release */,
			);
			defaultConfigurationIsVisible = 0;
		};
/* End XCConfigurationList section */
	};
	rootObject = 3248712E1EC37F5C006C1269 /* Project object */;
}
